
Microsoft Visual Studio Solution File, Format Version 12.00
# Visual Studio Version 17
VisualStudioVersion = 17.4.33213.308
MinimumVisualStudioVersion = 10.0.40219.1
Project("{FAE04EC0-301F-11D3-BF4B-00C04F79EFBC}") = "Hotcakes_PirosBiros", "Hotcakes_PirosBiros.csproj", "{EFC558DC-E430-4192-AA92-5173A2E49447}"
EndProject
Project("{FAE04EC0-301F-11D3-BF4B-00C04F79EFBC}") = "PirosBirosUnitTest_V2", "..\PirosBirosUnitTest_V2\PirosBirosUnitTest_V2.csproj", "{4A9256C2-7540-4008-AAFE-2A274886C431}"
EndProject
Global
	GlobalSection(SolutionConfigurationPlatforms) = preSolution
		Debug|Any CPU = Debug|Any CPU
		Release|Any CPU = Release|Any CPU
	EndGlobalSection
	GlobalSection(ProjectConfigurationPlatforms) = postSolution
		{EFC558DC-E430-4192-AA92-5173A2E49447}.Debug|Any CPU.ActiveCfg = Debug|Any CPU
		{EFC558DC-E430-4192-AA92-5173A2E49447}.Debug|Any CPU.Build.0 = Debug|Any CPU
		{EFC558DC-E430-4192-AA92-5173A2E49447}.Release|Any CPU.ActiveCfg = Release|Any CPU
		{EFC558DC-E430-4192-AA92-5173A2E49447}.Release|Any CPU.Build.0 = Release|Any CPU
		{4A9256C2-7540-4008-AAFE-2A274886C431}.Debug|Any CPU.ActiveCfg = Debug|Any CPU
		{4A9256C2-7540-4008-AAFE-2A274886C431}.Debug|Any CPU.Build.0 = Debug|Any CPU
		{4A9256C2-7540-4008-AAFE-2A274886C431}.Release|Any CPU.ActiveCfg = Release|Any CPU
		{4A9256C2-7540-4008-AAFE-2A274886C431}.Release|Any CPU.Build.0 = Release|Any CPU
	EndGlobalSection
	GlobalSection(SolutionProperties) = preSolution
		HideSolutionNode = FALSE
	EndGlobalSection
	GlobalSection(ExtensibilityGlobals) = postSolution
		SolutionGuid = {6D2BE7CC-FB69-41F2-AD11-949F315FEC30}
	EndGlobalSection
EndGlobal
